
Microsoft Visual Studio Solution File, Format Version 12.00
# Visual Studio Version 17
VisualStudioVersion = 17.12.35514.174 d17.12
MinimumVisualStudioVersion = 10.0.40219.1
Project("{FAE04EC0-301F-11D3-BF4B-00C04F79EFBC}") = "CurrencyConverter", "CurrencyConverter.csproj", "{89DAA0F4-631E-4C82-89E1-CC635E2C9311}"
EndProject
Global
	GlobalSection(SolutionConfigurationPlatforms) = preSolution
		Debug|Any CPU = Debug|Any CPU
		Release|Any CPU = Release|Any CPU
	EndGlobalSection
	GlobalSection(ProjectConfigurationPlatforms) = postSolution
		{89DAA0F4-631E-4C82-89E1-CC635E2C9311}.Debug|Any CPU.ActiveCfg = Debug|Any CPU
		{89DAA0F4-631E-4C82-89E1-CC635E2C9311}.Debug|Any CPU.Build.0 = Debug|Any CPU
		{89DAA0F4-631E-4C82-89E1-CC635E2C9311}.Release|Any CPU.ActiveCfg = Release|Any CPU
		{89DAA0F4-631E-4C82-89E1-CC635E2C9311}.Release|Any CPU.Build.0 = Release|Any CPU
	EndGlobalSection
	GlobalSection(SolutionProperties) = preSolution
		HideSolutionNode = FALSE
	EndGlobalSection
EndGlobal
